// !$*UTF8*$!
{
	archiveVersion = 1;
	classes = {
	};
	objectVersion = 46;
	objects = {

/* Begin PBXBuildFile section */
		070DB7D22035B26200296862 /* FuelCalculator.swift in Sources */ = {isa = PBXBuildFile; fileRef = 070DB7D12035B26200296862 /* FuelCalculator.swift */; };
		071E9B952036E89000943D6D /* Contacts.swift in Sources */ = {isa = PBXBuildFile; fileRef = 071E9B942036E89000943D6D /* Contacts.swift */; };
		07C41C092033733F00269090 /* AppDelegate.swift in Sources */ = {isa = PBXBuildFile; fileRef = 07C41C082033733F00269090 /* AppDelegate.swift */; };
		07C41C0B2033733F00269090 /* ViewController.swift in Sources */ = {isa = PBXBuildFile; fileRef = 07C41C0A2033733F00269090 /* ViewController.swift */; };
		07C41C0E2033733F00269090 /* Main.storyboard in Resources */ = {isa = PBXBuildFile; fileRef = 07C41C0C2033733F00269090 /* Main.storyboard */; };
		07C41C112033733F00269090 /* Geofencing.xcdatamodeld in Sources */ = {isa = PBXBuildFile; fileRef = 07C41C0F2033733F00269090 /* Geofencing.xcdatamodeld */; };
		07C41C132033733F00269090 /* Assets.xcassets in Resources */ = {isa = PBXBuildFile; fileRef = 07C41C122033733F00269090 /* Assets.xcassets */; };
		07C41C162033733F00269090 /* LaunchScreen.storyboard in Resources */ = {isa = PBXBuildFile; fileRef = 07C41C142033733F00269090 /* LaunchScreen.storyboard */; };
		07C41C1F20337B6800269090 /* MapKit.framework in Frameworks */ = {isa = PBXBuildFile; fileRef = 07C41C1E20337B6800269090 /* MapKit.framework */; };
		KIYDQKWBMRKIEYEVRWSLKUDQ /* QuartzCore.framework in Frameworks */ = {isa = PBXBuildFile; fileRef = HYXIFWTDXJPPRRMDCEPMDTJH /* QuartzCore.framework */; };
		KNPONLATPTEBRUFEBXNXFHCQ /* libz.dylib in Frameworks */ = {isa = PBXBuildFile; fileRef = THBDITSPYVFDWQYYBDCIDIXG /* libz.dylib */; };
/* End PBXBuildFile section */

/* Begin PBXFileReference section */
		070DB7D12035B26200296862 /* FuelCalculator.swift */ = {isa = PBXFileReference; fileEncoding = 4; lastKnownFileType = sourcecode.swift; name = FuelCalculator.swift; path = ../FuelCalculator.swift; sourceTree = "<group>"; };
		071E9B942036E89000943D6D /* Contacts.swift */ = {isa = PBXFileReference; fileEncoding = 4; lastKnownFileType = sourcecode.swift; path = Contacts.swift; sourceTree = "<group>"; };
		07C41C052033733F00269090 /* Geofencing.app */ = {isa = PBXFileReference; explicitFileType = wrapper.application; includeInIndex = 0; path = Geofencing.app; sourceTree = BUILT_PRODUCTS_DIR; };
		07C41C082033733F00269090 /* AppDelegate.swift */ = {isa = PBXFileReference; lastKnownFileType = sourcecode.swift; path = AppDelegate.swift; sourceTree = "<group>"; };
		07C41C0A2033733F00269090 /* ViewController.swift */ = {isa = PBXFileReference; lastKnownFileType = sourcecode.swift; path = ViewController.swift; sourceTree = "<group>"; };
		07C41C0D2033733F00269090 /* Base */ = {isa = PBXFileReference; lastKnownFileType = file.storyboard; name = Base; path = Base.lproj/Main.storyboard; sourceTree = "<group>"; };
		07C41C102033733F00269090 /* Geofencing.xcdatamodel */ = {isa = PBXFileReference; lastKnownFileType = wrapper.xcdatamodel; path = Geofencing.xcdatamodel; sourceTree = "<group>"; };
		07C41C122033733F00269090 /* Assets.xcassets */ = {isa = PBXFileReference; lastKnownFileType = folder.assetcatalog; path = Assets.xcassets; sourceTree = "<group>"; };
		07C41C152033733F00269090 /* Base */ = {isa = PBXFileReference; lastKnownFileType = file.storyboard; name = Base; path = Base.lproj/LaunchScreen.storyboard; sourceTree = "<group>"; };
		07C41C172033733F00269090 /* Info.plist */ = {isa = PBXFileReference; lastKnownFileType = text.plist.xml; path = Info.plist; sourceTree = "<group>"; };
		07C41C1E20337B6800269090 /* MapKit.framework */ = {isa = PBXFileReference; lastKnownFileType = wrapper.framework; name = MapKit.framework; path = System/Library/Frameworks/MapKit.framework; sourceTree = SDKROOT; };
		HYXIFWTDXJPPRRMDCEPMDTJH /* QuartzCore.framework */ = {isa = PBXFileReference; lastKnownFileType = wrapper.framework; name = QuartzCore.framework; path = System/Library/Frameworks/QuartzCore.framework; sourceTree = SDKROOT; };
		QMNTBWVDMICWTEJGUAKXRYSM /* SparkInspector.framework */ = {isa = PBXFileReference; lastKnownFileType = wrapper.framework; name = SparkInspector.framework; path = "/Applications/Spark Inspector.app/Contents/Resources/Frameworks/SparkInspector.framework"; sourceTree = "<group>"; };
		THBDITSPYVFDWQYYBDCIDIXG /* libz.dylib */ = {isa = PBXFileReference; lastKnownFileType = "compiled.mach-o.dylib"; name = libz.dylib; path = usr/lib/libz.dylib; sourceTree = SDKROOT; };
/* End PBXFileReference section */

/* Begin PBXFrameworksBuildPhase section */
		07C41C022033733F00269090 /* Frameworks */ = {
			isa = PBXFrameworksBuildPhase;
			buildActionMask = 2147483647;
			files = (
				07C41C1F20337B6800269090 /* MapKit.framework in Frameworks */,
				KIYDQKWBMRKIEYEVRWSLKUDQ /* QuartzCore.framework in Frameworks */,
				KNPONLATPTEBRUFEBXNXFHCQ /* libz.dylib in Frameworks */,
			);
			runOnlyForDeploymentPostprocessing = 0;
		};
/* End PBXFrameworksBuildPhase section */

/* Begin PBXGroup section */
		07C41BFC2033733F00269090 = {
			isa = PBXGroup;
			children = (
				07C41C072033733F00269090 /* Geofencing */,
				07C41C062033733F00269090 /* Products */,
				07C41C1D20337B6800269090 /* Frameworks */,
			);
			sourceTree = "<group>";
		};
		07C41C062033733F00269090 /* Products */ = {
			isa = PBXGroup;
			children = (
				07C41C052033733F00269090 /* Geofencing.app */,
			);
			name = Products;
			sourceTree = "<group>";
		};
		07C41C072033733F00269090 /* Geofencing */ = {
			isa = PBXGroup;
			children = (
				07C41C082033733F00269090 /* AppDelegate.swift */,
				07C41C0A2033733F00269090 /* ViewController.swift */,
				07C41C0C2033733F00269090 /* Main.storyboard */,
				07C41C122033733F00269090 /* Assets.xcassets */,
				07C41C142033733F00269090 /* LaunchScreen.storyboard */,
				07C41C172033733F00269090 /* Info.plist */,
				070DB7D12035B26200296862 /* FuelCalculator.swift */,
				071E9B942036E89000943D6D /* Contacts.swift */,
				07C41C0F2033733F00269090 /* Geofencing.xcdatamodeld */,
			);
			path = Geofencing;
			sourceTree = "<group>";
		};
		07C41C1D20337B6800269090 /* Frameworks */ = {
			isa = PBXGroup;
			children = (
				07C41C1E20337B6800269090 /* MapKit.framework */,
				HYXIFWTDXJPPRRMDCEPMDTJH /* QuartzCore.framework */,
				THBDITSPYVFDWQYYBDCIDIXG /* libz.dylib */,
				QMNTBWVDMICWTEJGUAKXRYSM /* SparkInspector.framework */,
			);
			name = Frameworks;
			sourceTree = "<group>";
		};
/* End PBXGroup section */

/* Begin PBXNativeTarget section */
		07C41C042033733F00269090 /* Geofencing */ = {
			isa = PBXNativeTarget;
			buildConfigurationList = 07C41C1A2033733F00269090 /* Build configuration list for PBXNativeTarget "Geofencing" */;
			buildPhases = (
				07C41C012033733F00269090 /* Sources */,
				07C41C022033733F00269090 /* Frameworks */,
				07C41C032033733F00269090 /* Resources */,
			);
			buildRules = (
			);
			dependencies = (
			);
			name = Geofencing;
			productName = Geofencing;
			productReference = 07C41C052033733F00269090 /* Geofencing.app */;
			productType = "com.apple.product-type.application";
		};
/* End PBXNativeTarget section */

/* Begin PBXProject section */
		07C41BFD2033733F00269090 /* Project object */ = {
			isa = PBXProject;
			attributes = {
				LastSwiftUpdateCheck = 0830;
				LastUpgradeCheck = 0830;
				ORGANIZATIONNAME = Aakash;
				TargetAttributes = {
					07C41C042033733F00269090 = {
						CreatedOnToolsVersion = 8.3;
						DevelopmentTeam = 67X72K5VP4;
						ProvisioningStyle = Automatic;
						SystemCapabilities = {
							com.apple.BackgroundModes = {
								enabled = 1;
							};
							com.apple.Maps.iOS = {
								enabled = 1;
							};
						};
					};
				};
			};
			buildConfigurationList = 07C41C002033733F00269090 /* Build configuration list for PBXProject "Geofencing" */;
			compatibilityVersion = "Xcode 3.2";
			developmentRegion = English;
			hasScannedForEncodings = 0;
			knownRegions = (
				en,
				Base,
			);
			mainGroup = 07C41BFC2033733F00269090;
			productRefGroup = 07C41C062033733F00269090 /* Products */;
			projectDirPath = "";
			projectRoot = "";
			targets = (
				07C41C042033733F00269090 /* Geofencing */,
			);
		};
/* End PBXProject section */

/* Begin PBXResourcesBuildPhase section */
		07C41C032033733F00269090 /* Resources */ = {
			isa = PBXResourcesBuildPhase;
			buildActionMask = 2147483647;
			files = (
				07C41C162033733F00269090 /* LaunchScreen.storyboard in Resources */,
				07C41C132033733F00269090 /* Assets.xcassets in Resources */,
				07C41C0E2033733F00269090 /* Main.storyboard in Resources */,
			);
			runOnlyForDeploymentPostprocessing = 0;
		};
/* End PBXResourcesBuildPhase section */

/* Begin PBXSourcesBuildPhase section */
		07C41C012033733F00269090 /* Sources */ = {
			isa = PBXSourcesBuildPhase;
			buildActionMask = 2147483647;
			files = (
				07C41C112033733F00269090 /* Geofencing.xcdatamodeld in Sources */,
				070DB7D22035B26200296862 /* FuelCalculator.swift in Sources */,
				071E9B952036E89000943D6D /* Contacts.swift in Sources */,
				07C41C0B2033733F00269090 /* ViewController.swift in Sources */,
				07C41C092033733F00269090 /* AppDelegate.swift in Sources */,
			);
			runOnlyForDeploymentPostprocessing = 0;
		};
/* End PBXSourcesBuildPhase section */

/* Begin PBXVariantGroup section */
		07C41C0C2033733F00269090 /* Main.storyboard */ = {
			isa = PBXVariantGroup;
			children = (
				07C41C0D2033733F00269090 /* Base */,
			);
			name = Main.storyboard;
			sourceTree = "<group>";
		};
		07C41C142033733F00269090 /* LaunchScreen.storyboard */ = {
			isa = PBXVariantGroup;
			children = (
				07C41C152033733F00269090 /* Base */,
			);
			name = LaunchScreen.storyboard;
			sourceTree = "<group>";
		};
/* End PBXVariantGroup section */

/* Begin XCBuildConfiguration section */
		07C41C182033733F00269090 /* Debug */ = {
			isa = XCBuildConfiguration;
			buildSettings = {
				ALWAYS_SEARCH_USER_PATHS = NO;
				CLANG_ANALYZER_NONNULL = YES;
				CLANG_ANALYZER_NUMBER_OBJECT_CONVERSION = YES_AGGRESSIVE;
				CLANG_CXX_LANGUAGE_STANDARD = "gnu++0x";
				CLANG_CXX_LIBRARY = "libc++";
				CLANG_ENABLE_MODULES = YES;
				CLANG_ENABLE_OBJC_ARC = YES;
				CLANG_WARN_BOOL_CONVERSION = YES;
				CLANG_WARN_CONSTANT_CONVERSION = YES;
				CLANG_WARN_DIRECT_OBJC_ISA_USAGE = YES_ERROR;
				CLANG_WARN_DOCUMENTATION_COMMENTS = YES;
				CLANG_WARN_EMPTY_BODY = YES;
				CLANG_WARN_ENUM_CONVERSION = YES;
				CLANG_WARN_INFINITE_RECURSION = YES;
				CLANG_WARN_INT_CONVERSION = YES;
				CLANG_WARN_OBJC_ROOT_CLASS = YES_ERROR;
				CLANG_WARN_SUSPICIOUS_MOVE = YES;
				CLANG_WARN_UNREACHABLE_CODE = YES;
				CLANG_WARN__DUPLICATE_METHOD_MATCH = YES;
				"CODE_SIGN_IDENTITY[sdk=iphoneos*]" = "iPhone Developer";
				COPY_PHASE_STRIP = NO;
				DEBUG_INFORMATION_FORMAT = dwarf;
				ENABLE_STRICT_OBJC_MSGSEND = YES;
				ENABLE_TESTABILITY = YES;
				FRAMEWORK_SEARCH_PATHS = "\"/Applications/Spark Inspector.app/Contents/Resources/Frameworks\"";
				GCC_C_LANGUAGE_STANDARD = gnu99;
				GCC_DYNAMIC_NO_PIC = NO;
				GCC_NO_COMMON_BLOCKS = YES;
				GCC_OPTIMIZATION_LEVEL = 0;
				GCC_PREPROCESSOR_DEFINITIONS = (
					"DEBUG=1",
					"$(inherited)",
				);
				GCC_WARN_64_TO_32_BIT_CONVERSION = YES;
				GCC_WARN_ABOUT_RETURN_TYPE = YES_ERROR;
				GCC_WARN_UNDECLARED_SELECTOR = YES;
				GCC_WARN_UNINITIALIZED_AUTOS = YES_AGGRESSIVE;
				GCC_WARN_UNUSED_FUNCTION = YES;
				GCC_WARN_UNUSED_VARIABLE = YES;
				IPHONEOS_DEPLOYMENT_TARGET = 10.3;
				MTL_ENABLE_DEBUG_INFO = YES;
				ONLY_ACTIVE_ARCH = YES;
				OTHER_LDFLAGS = (
					"-ObjC",
					"-framework",
					SparkInspector,
				);
				SDKROOT = iphoneos;
				SWIFT_ACTIVE_COMPILATION_CONDITIONS = DEBUG;
				SWIFT_OPTIMIZATION_LEVEL = "-Onone";
				TARGETED_DEVICE_FAMILY = "1,2";
			};
			name = Debug;
		};
		07C41C192033733F00269090 /* Release */ = {
			isa = XCBuildConfiguration;
			buildSettings = {
				ALWAYS_SEARCH_USER_PATHS = NO;
				CLANG_ANALYZER_NONNULL = YES;
				CLANG_ANALYZER_NUMBER_OBJECT_CONVERSION = YES_AGGRESSIVE;
				CLANG_CXX_LANGUAGE_STANDARD = "gnu++0x";
				CLANG_CXX_LIBRARY = "libc++";
				CLANG_ENABLE_MODULES = YES;
				CLANG_ENABLE_OBJC_ARC = YES;
				CLANG_WARN_BOOL_CONVERSION = YES;
				CLANG_WARN_CONSTANT_CONVERSION = YES;
				CLANG_WARN_DIRECT_OBJC_ISA_USAGE = YES_ERROR;
				CLANG_WARN_DOCUMENTATION_COMMENTS = YES;
				CLANG_WARN_EMPTY_BODY = YES;
				CLANG_WARN_ENUM_CONVERSION = YES;
				CLANG_WARN_INFINITE_RECURSION = YES;
				CLANG_WARN_INT_CONVERSION = YES;
				CLANG_WARN_OBJC_ROOT_CLASS = YES_ERROR;
				CLANG_WARN_SUSPICIOUS_MOVE = YES;
				CLANG_WARN_UNREACHABLE_CODE = YES;
				CLANG_WARN__DUPLICATE_METHOD_MATCH = YES;
				"CODE_SIGN_IDENTITY[sdk=iphoneos*]" = "iPhone Developer";
				COPY_PHASE_STRIP = NO;
				DEBUG_INFORMATION_FORMAT = "dwarf-with-dsym";
				ENABLE_NS_ASSERTIONS = NO;
				ENABLE_STRICT_OBJC_MSGSEND = YES;
				GCC_C_LANGUAGE_STANDARD = gnu99;
				GCC_NO_COMMON_BLOCKS = YES;
				GCC_WARN_64_TO_32_BIT_CONVERSION = YES;
				GCC_WARN_ABOUT_RETURN_TYPE = YES_ERROR;
				GCC_WARN_UNDECLARED_SELECTOR = YES;
				GCC_WARN_UNINITIALIZED_AUTOS = YES_AGGRESSIVE;
				GCC_WARN_UNUSED_FUNCTION = YES;
				GCC_WARN_UNUSED_VARIABLE = YES;
				IPHONEOS_DEPLOYMENT_TARGET = 10.3;
				MTL_ENABLE_DEBUG_INFO = NO;
				SDKROOT = iphoneos;
				SWIFT_OPTIMIZATION_LEVEL = "-Owholemodule";
				TARGETED_DEVICE_FAMILY = "1,2";
				VALIDATE_PRODUCT = YES;
			};
			name = Release;
		};
		07C41C1B2033733F00269090 /* Debug */ = {
			isa = XCBuildConfiguration;
			buildSettings = {
				ASSETCATALOG_COMPILER_APPICON_NAME = AppIcon;
				DEVELOPMENT_TEAM = 67X72K5VP4;
				FRAMEWORK_SEARCH_PATHS = "\"/Applications/Spark Inspector.app/Contents/Resources/Frameworks\"";
				INFOPLIST_FILE = Geofencing/Info.plist;
				IPHONEOS_DEPLOYMENT_TARGET = 10.3;
				LD_RUNPATH_SEARCH_PATHS = "$(inherited) @executable_path/Frameworks";
				OTHER_LDFLAGS = (
					"-ObjC",
					"-framework",
					SparkInspector,
				);
				PRODUCT_BUNDLE_IDENTIFIER = com.Aakash.Geofencing;
				PRODUCT_NAME = "$(TARGET_NAME)";
				SWIFT_VERSION = 3.0;
			};
			name = Debug;
		};
		07C41C1C2033733F00269090 /* Release */ = {
			isa = XCBuildConfiguration;
			buildSettings = {
				ASSETCATALOG_COMPILER_APPICON_NAME = AppIcon;
				DEVELOPMENT_TEAM = 67X72K5VP4;
				INFOPLIST_FILE = Geofencing/Info.plist;
				IPHONEOS_DEPLOYMENT_TARGET = 10.3;
				LD_RUNPATH_SEARCH_PATHS = "$(inherited) @executable_path/Frameworks";
				PRODUCT_BUNDLE_IDENTIFIER = com.Aakash.Geofencing;
				PRODUCT_NAME = "$(TARGET_NAME)";
				SWIFT_VERSION = 3.0;
			};
			name = Release;
		};
/* End XCBuildConfiguration section */

/* Begin XCConfigurationList section */
		07C41C002033733F00269090 /* Build configuration list for PBXProject "Geofencing" */ = {
			isa = XCConfigurationList;
			buildConfigurations = (
				07C41C182033733F00269090 /* Debug */,
				07C41C192033733F00269090 /* Release */,
			);
			defaultConfigurationIsVisible = 0;
			defaultConfigurationName = Release;
		};
		07C41C1A2033733F00269090 /* Build configuration list for PBXNativeTarget "Geofencing" */ = {
			isa = XCConfigurationList;
			buildConfigurations = (
				07C41C1B2033733F00269090 /* Debug */,
				07C41C1C2033733F00269090 /* Release */,
			);
			defaultConfigurationIsVisible = 0;
			defaultConfigurationName = Release;
		};
/* End XCConfigurationList section */

/* Begin XCVersionGroup section */
		07C41C0F2033733F00269090 /* Geofencing.xcdatamodeld */ = {
			isa = XCVersionGroup;
			children = (
				07C41C102033733F00269090 /* Geofencing.xcdatamodel */,
			);
			currentVersion = 07C41C102033733F00269090 /* Geofencing.xcdatamodel */;
			path = Geofencing.xcdatamodeld;
			sourceTree = "<group>";
			versionGroupType = wrapper.xcdatamodel;
		};
/* End XCVersionGroup section */
	};
	rootObject = 07C41BFD2033733F00269090 /* Project object */;
}
